
Microsoft Visual Studio Solution File, Format Version 12.00
# Visual Studio Version 16
VisualStudioVersion = 16.0.30621.155
MinimumVisualStudioVersion = 10.0.40219.1
Project("{FAE04EC0-301F-11D3-BF4B-00C04F79EFBC}") = "dotNet5781_00_8113_5037", "dotNet5781_00_8113_5037\dotNet5781_00_8113_5037.csproj", "{047F0EAE-9C33-4D9B-9D15-22D047491CFA}"
EndProject
Project("{FAE04EC0-301F-11D3-BF4B-00C04F79EFBC}") = "dotNet5781_01_8113_5037", "dotNet5781_01_8113_5037\dotNet5781_01_8113_5037.csproj", "{6FC1E072-0C56-4D6C-98FD-6772A507A0AE}"
EndProject
Project("{FAE04EC0-301F-11D3-BF4B-00C04F79EFBC}") = "dotNet5781_02_8113_5037", "dotNet5781_02_8113_5037\dotNet5781_02_8113_5037.csproj", "{324C52CB-E76E-4415-8CCC-5E8486D26BDC}"
EndProject
Project("{FAE04EC0-301F-11D3-BF4B-00C04F79EFBC}") = "dotNet5781_03_8113_5037", "dotNet5781_03_8113_5037\dotNet5781_03_8113_5037.csproj", "{C60D77CA-8359-47C5-A552-F0F50A6A3F5E}"
EndProject
Global
	GlobalSection(SolutionConfigurationPlatforms) = preSolution
		Debug|Any CPU = Debug|Any CPU
		Release|Any CPU = Release|Any CPU
	EndGlobalSection
	GlobalSection(ProjectConfigurationPlatforms) = postSolution
		{047F0EAE-9C33-4D9B-9D15-22D047491CFA}.Debug|Any CPU.ActiveCfg = Debug|Any CPU
		{047F0EAE-9C33-4D9B-9D15-22D047491CFA}.Debug|Any CPU.Build.0 = Debug|Any CPU
		{047F0EAE-9C33-4D9B-9D15-22D047491CFA}.Release|Any CPU.ActiveCfg = Release|Any CPU
		{047F0EAE-9C33-4D9B-9D15-22D047491CFA}.Release|Any CPU.Build.0 = Release|Any CPU
		{6FC1E072-0C56-4D6C-98FD-6772A507A0AE}.Debug|Any CPU.ActiveCfg = Debug|Any CPU
		{6FC1E072-0C56-4D6C-98FD-6772A507A0AE}.Debug|Any CPU.Build.0 = Debug|Any CPU
		{6FC1E072-0C56-4D6C-98FD-6772A507A0AE}.Release|Any CPU.ActiveCfg = Release|Any CPU
		{6FC1E072-0C56-4D6C-98FD-6772A507A0AE}.Release|Any CPU.Build.0 = Release|Any CPU
		{324C52CB-E76E-4415-8CCC-5E8486D26BDC}.Debug|Any CPU.ActiveCfg = Debug|Any CPU
		{324C52CB-E76E-4415-8CCC-5E8486D26BDC}.Debug|Any CPU.Build.0 = Debug|Any CPU
		{324C52CB-E76E-4415-8CCC-5E8486D26BDC}.Release|Any CPU.ActiveCfg = Release|Any CPU
		{324C52CB-E76E-4415-8CCC-5E8486D26BDC}.Release|Any CPU.Build.0 = Release|Any CPU
		{C60D77CA-8359-47C5-A552-F0F50A6A3F5E}.Debug|Any CPU.ActiveCfg = Debug|Any CPU
		{C60D77CA-8359-47C5-A552-F0F50A6A3F5E}.Debug|Any CPU.Build.0 = Debug|Any CPU
		{C60D77CA-8359-47C5-A552-F0F50A6A3F5E}.Release|Any CPU.ActiveCfg = Release|Any CPU
		{C60D77CA-8359-47C5-A552-F0F50A6A3F5E}.Release|Any CPU.Build.0 = Release|Any CPU
	EndGlobalSection
	GlobalSection(SolutionProperties) = preSolution
		HideSolutionNode = FALSE
	EndGlobalSection
	GlobalSection(ExtensibilityGlobals) = postSolution
		SolutionGuid = {D73412F1-2B71-4EDD-90DC-93EC08AC49D5}
	EndGlobalSection
EndGlobal
