
Microsoft Visual Studio Solution File, Format Version 12.00
# Visual Studio Version 16
VisualStudioVersion = 16.0.30621.155
MinimumVisualStudioVersion = 10.0.40219.1
Project("{FAE04EC0-301F-11D3-BF4B-00C04F79EFBC}") = "dotNet5781_00_8113_5037", "dotNet5781_00_8113_5037\dotNet5781_00_8113_5037.csproj", "{047F0EAE-9C33-4D9B-9D15-22D047491CFA}"
EndProject
Project("{FAE04EC0-301F-11D3-BF4B-00C04F79EFBC}") = "dotNet5781_01_8113_5037", "dotNet5781_01_8113_5037\dotNet5781_01_8113_5037.csproj", "{6FC1E072-0C56-4D6C-98FD-6772A507A0AE}"
EndProject
Project("{FAE04EC0-301F-11D3-BF4B-00C04F79EFBC}") = "dotNet5781_02_8113_5037", "dotNet5781_02_8113_5037\dotNet5781_02_8113_5037.csproj", "{324C52CB-E76E-4415-8CCC-5E8486D26BDC}"
EndProject
Project("{FAE04EC0-301F-11D3-BF4B-00C04F79EFBC}") = "dotNet5781_03A_8113_5037", "dotNet5781_03A_8113_5037\dotNet5781_03A_8113_5037.csproj", "{A1890181-2A53-4958-88CD-9A17DDD192BD}"
EndProject
Project("{FAE04EC0-301F-11D3-BF4B-00C04F79EFBC}") = "dotNet5781_03B_8113_5037", "dotNet5781_03B_8113_5037\dotNet5781_03B_8113_5037.csproj", "{33A012E1-CDA8-49DB-93E8-1F1BF1BAD5D7}"
EndProject
Project("{FAE04EC0-301F-11D3-BF4B-00C04F79EFBC}") = "BL", "BL\BL.csproj", "{2256497B-4C6A-485F-8B1B-BFC792E8A372}"
EndProject
Project("{FAE04EC0-301F-11D3-BF4B-00C04F79EFBC}") = "DLAPI", "DLAPI\DLAPI.csproj", "{E8505A1C-4323-4085-8A7D-96C2E5C5D8CD}"
EndProject
Project("{FAE04EC0-301F-11D3-BF4B-00C04F79EFBC}") = "DLObject", "DLObject\DLObject.csproj", "{0CC72C53-46EC-442D-80EB-89C7A36CD5B2}"
EndProject
Project("{FAE04EC0-301F-11D3-BF4B-00C04F79EFBC}") = "DS", "DS\DS.csproj", "{17D9C931-7BEA-455E-8FB1-646C6D62348C}"
EndProject
Project("{FAE04EC0-301F-11D3-BF4B-00C04F79EFBC}") = "PL", "PL\PL.csproj", "{6ADD1B39-6957-4F22-BCBD-B3B43F9DDBDD}"
EndProject
Project("{2150E333-8FDC-42A3-9474-1A3956D46DE8}") = "Solution Items", "Solution Items", "{D4E13DBA-3053-49CD-80E4-0FCDCD92DDEC}"
	ProjectSection(SolutionItems) = preProject
		bin\config.xml = bin\config.xml
	EndProjectSection
EndProject
Global
	GlobalSection(SolutionConfigurationPlatforms) = preSolution
		Debug|Any CPU = Debug|Any CPU
		Release|Any CPU = Release|Any CPU
	EndGlobalSection
	GlobalSection(ProjectConfigurationPlatforms) = postSolution
		{047F0EAE-9C33-4D9B-9D15-22D047491CFA}.Debug|Any CPU.ActiveCfg = Debug|Any CPU
		{047F0EAE-9C33-4D9B-9D15-22D047491CFA}.Debug|Any CPU.Build.0 = Debug|Any CPU
		{047F0EAE-9C33-4D9B-9D15-22D047491CFA}.Release|Any CPU.ActiveCfg = Release|Any CPU
		{047F0EAE-9C33-4D9B-9D15-22D047491CFA}.Release|Any CPU.Build.0 = Release|Any CPU
		{6FC1E072-0C56-4D6C-98FD-6772A507A0AE}.Debug|Any CPU.ActiveCfg = Debug|Any CPU
		{6FC1E072-0C56-4D6C-98FD-6772A507A0AE}.Debug|Any CPU.Build.0 = Debug|Any CPU
		{6FC1E072-0C56-4D6C-98FD-6772A507A0AE}.Release|Any CPU.ActiveCfg = Release|Any CPU
		{6FC1E072-0C56-4D6C-98FD-6772A507A0AE}.Release|Any CPU.Build.0 = Release|Any CPU
		{324C52CB-E76E-4415-8CCC-5E8486D26BDC}.Debug|Any CPU.ActiveCfg = Debug|Any CPU
		{324C52CB-E76E-4415-8CCC-5E8486D26BDC}.Debug|Any CPU.Build.0 = Debug|Any CPU
		{324C52CB-E76E-4415-8CCC-5E8486D26BDC}.Release|Any CPU.ActiveCfg = Release|Any CPU
		{324C52CB-E76E-4415-8CCC-5E8486D26BDC}.Release|Any CPU.Build.0 = Release|Any CPU
		{A1890181-2A53-4958-88CD-9A17DDD192BD}.Debug|Any CPU.ActiveCfg = Debug|Any CPU
		{A1890181-2A53-4958-88CD-9A17DDD192BD}.Debug|Any CPU.Build.0 = Debug|Any CPU
		{A1890181-2A53-4958-88CD-9A17DDD192BD}.Release|Any CPU.ActiveCfg = Release|Any CPU
		{A1890181-2A53-4958-88CD-9A17DDD192BD}.Release|Any CPU.Build.0 = Release|Any CPU
		{33A012E1-CDA8-49DB-93E8-1F1BF1BAD5D7}.Debug|Any CPU.ActiveCfg = Debug|Any CPU
		{33A012E1-CDA8-49DB-93E8-1F1BF1BAD5D7}.Debug|Any CPU.Build.0 = Debug|Any CPU
		{33A012E1-CDA8-49DB-93E8-1F1BF1BAD5D7}.Release|Any CPU.ActiveCfg = Release|Any CPU
		{33A012E1-CDA8-49DB-93E8-1F1BF1BAD5D7}.Release|Any CPU.Build.0 = Release|Any CPU
		{2256497B-4C6A-485F-8B1B-BFC792E8A372}.Debug|Any CPU.ActiveCfg = Debug|Any CPU
		{2256497B-4C6A-485F-8B1B-BFC792E8A372}.Debug|Any CPU.Build.0 = Debug|Any CPU
		{2256497B-4C6A-485F-8B1B-BFC792E8A372}.Release|Any CPU.ActiveCfg = Release|Any CPU
		{2256497B-4C6A-485F-8B1B-BFC792E8A372}.Release|Any CPU.Build.0 = Release|Any CPU
		{E8505A1C-4323-4085-8A7D-96C2E5C5D8CD}.Debug|Any CPU.ActiveCfg = Debug|Any CPU
		{E8505A1C-4323-4085-8A7D-96C2E5C5D8CD}.Debug|Any CPU.Build.0 = Debug|Any CPU
		{E8505A1C-4323-4085-8A7D-96C2E5C5D8CD}.Release|Any CPU.ActiveCfg = Release|Any CPU
		{E8505A1C-4323-4085-8A7D-96C2E5C5D8CD}.Release|Any CPU.Build.0 = Release|Any CPU
		{0CC72C53-46EC-442D-80EB-89C7A36CD5B2}.Debug|Any CPU.ActiveCfg = Debug|Any CPU
		{0CC72C53-46EC-442D-80EB-89C7A36CD5B2}.Debug|Any CPU.Build.0 = Debug|Any CPU
		{0CC72C53-46EC-442D-80EB-89C7A36CD5B2}.Release|Any CPU.ActiveCfg = Release|Any CPU
		{0CC72C53-46EC-442D-80EB-89C7A36CD5B2}.Release|Any CPU.Build.0 = Release|Any CPU
		{17D9C931-7BEA-455E-8FB1-646C6D62348C}.Debug|Any CPU.ActiveCfg = Debug|Any CPU
		{17D9C931-7BEA-455E-8FB1-646C6D62348C}.Debug|Any CPU.Build.0 = Debug|Any CPU
		{17D9C931-7BEA-455E-8FB1-646C6D62348C}.Release|Any CPU.ActiveCfg = Release|Any CPU
		{17D9C931-7BEA-455E-8FB1-646C6D62348C}.Release|Any CPU.Build.0 = Release|Any CPU
		{6ADD1B39-6957-4F22-BCBD-B3B43F9DDBDD}.Debug|Any CPU.ActiveCfg = Debug|Any CPU
		{6ADD1B39-6957-4F22-BCBD-B3B43F9DDBDD}.Debug|Any CPU.Build.0 = Debug|Any CPU
		{6ADD1B39-6957-4F22-BCBD-B3B43F9DDBDD}.Release|Any CPU.ActiveCfg = Release|Any CPU
		{6ADD1B39-6957-4F22-BCBD-B3B43F9DDBDD}.Release|Any CPU.Build.0 = Release|Any CPU
	EndGlobalSection
	GlobalSection(SolutionProperties) = preSolution
		HideSolutionNode = FALSE
	EndGlobalSection
	GlobalSection(ExtensibilityGlobals) = postSolution
		SolutionGuid = {D73412F1-2B71-4EDD-90DC-93EC08AC49D5}
	EndGlobalSection
EndGlobal
