
Microsoft Visual Studio Solution File, Format Version 12.00
# Visual Studio Version 16
VisualStudioVersion = 16.0.30621.155
MinimumVisualStudioVersion = 10.0.40219.1
Project("{FAE04EC0-301F-11D3-BF4B-00C04F79EFBC}") = "dotNet5781_00_8113_5037", "dotNet5781_00_8113_5037\dotNet5781_00_8113_5037.csproj", "{047F0EAE-9C33-4D9B-9D15-22D047491CFA}"
EndProject
Project("{FAE04EC0-301F-11D3-BF4B-00C04F79EFBC}") = "dotNet5781_01_8113_5037", "dotNet5781_01_8113_5037\dotNet5781_01_8113_5037.csproj", "{6FC1E072-0C56-4D6C-98FD-6772A507A0AE}"
EndProject
Project("{FAE04EC0-301F-11D3-BF4B-00C04F79EFBC}") = "dotNet5781_02_8113_5037", "dotNet5781_02_8113_5037\dotNet5781_02_8113_5037.csproj", "{324C52CB-E76E-4415-8CCC-5E8486D26BDC}"
EndProject
Project("{FAE04EC0-301F-11D3-BF4B-00C04F79EFBC}") = "dotNet5781_03A_8113_5037", "dotNet5781_03A_8113_5037\dotNet5781_03A_8113_5037.csproj", "{A1890181-2A53-4958-88CD-9A17DDD192BD}"
EndProject
Project("{FAE04EC0-301F-11D3-BF4B-00C04F79EFBC}") = "dotNet5781_03B_8113_5037", "dotNet5781_03B_8113_5037\dotNet5781_03B_8113_5037.csproj", "{33A012E1-CDA8-49DB-93E8-1F1BF1BAD5D7}"
EndProject
Project("{FAE04EC0-301F-11D3-BF4B-00C04F79EFBC}") = "PL", "PL\PL.csproj", "{5ED408E0-C26F-4BE4-A539-02ACB410FF93}"
EndProject
Project("{9A19103F-16F7-4668-BE54-9A1E7A4F7556}") = "DS", "DS\DS.csproj", "{4EE2377E-12B2-4719-8886-53AEA515B79B}"
EndProject
Global
	GlobalSection(SolutionConfigurationPlatforms) = preSolution
		Debug|Any CPU = Debug|Any CPU
		Release|Any CPU = Release|Any CPU
	EndGlobalSection
	GlobalSection(ProjectConfigurationPlatforms) = postSolution
		{047F0EAE-9C33-4D9B-9D15-22D047491CFA}.Debug|Any CPU.ActiveCfg = Debug|Any CPU
		{047F0EAE-9C33-4D9B-9D15-22D047491CFA}.Debug|Any CPU.Build.0 = Debug|Any CPU
		{047F0EAE-9C33-4D9B-9D15-22D047491CFA}.Release|Any CPU.ActiveCfg = Release|Any CPU
		{047F0EAE-9C33-4D9B-9D15-22D047491CFA}.Release|Any CPU.Build.0 = Release|Any CPU
		{6FC1E072-0C56-4D6C-98FD-6772A507A0AE}.Debug|Any CPU.ActiveCfg = Debug|Any CPU
		{6FC1E072-0C56-4D6C-98FD-6772A507A0AE}.Debug|Any CPU.Build.0 = Debug|Any CPU
		{6FC1E072-0C56-4D6C-98FD-6772A507A0AE}.Release|Any CPU.ActiveCfg = Release|Any CPU
		{6FC1E072-0C56-4D6C-98FD-6772A507A0AE}.Release|Any CPU.Build.0 = Release|Any CPU
		{324C52CB-E76E-4415-8CCC-5E8486D26BDC}.Debug|Any CPU.ActiveCfg = Debug|Any CPU
		{324C52CB-E76E-4415-8CCC-5E8486D26BDC}.Debug|Any CPU.Build.0 = Debug|Any CPU
		{324C52CB-E76E-4415-8CCC-5E8486D26BDC}.Release|Any CPU.ActiveCfg = Release|Any CPU
		{324C52CB-E76E-4415-8CCC-5E8486D26BDC}.Release|Any CPU.Build.0 = Release|Any CPU
		{A1890181-2A53-4958-88CD-9A17DDD192BD}.Debug|Any CPU.ActiveCfg = Debug|Any CPU
		{A1890181-2A53-4958-88CD-9A17DDD192BD}.Debug|Any CPU.Build.0 = Debug|Any CPU
		{A1890181-2A53-4958-88CD-9A17DDD192BD}.Release|Any CPU.ActiveCfg = Release|Any CPU
		{A1890181-2A53-4958-88CD-9A17DDD192BD}.Release|Any CPU.Build.0 = Release|Any CPU
		{33A012E1-CDA8-49DB-93E8-1F1BF1BAD5D7}.Debug|Any CPU.ActiveCfg = Debug|Any CPU
		{33A012E1-CDA8-49DB-93E8-1F1BF1BAD5D7}.Debug|Any CPU.Build.0 = Debug|Any CPU
		{33A012E1-CDA8-49DB-93E8-1F1BF1BAD5D7}.Release|Any CPU.ActiveCfg = Release|Any CPU
		{33A012E1-CDA8-49DB-93E8-1F1BF1BAD5D7}.Release|Any CPU.Build.0 = Release|Any CPU
		{5ED408E0-C26F-4BE4-A539-02ACB410FF93}.Debug|Any CPU.ActiveCfg = Debug|Any CPU
		{5ED408E0-C26F-4BE4-A539-02ACB410FF93}.Debug|Any CPU.Build.0 = Debug|Any CPU
		{5ED408E0-C26F-4BE4-A539-02ACB410FF93}.Release|Any CPU.ActiveCfg = Release|Any CPU
		{5ED408E0-C26F-4BE4-A539-02ACB410FF93}.Release|Any CPU.Build.0 = Release|Any CPU
		{4EE2377E-12B2-4719-8886-53AEA515B79B}.Debug|Any CPU.ActiveCfg = Debug|Any CPU
		{4EE2377E-12B2-4719-8886-53AEA515B79B}.Debug|Any CPU.Build.0 = Debug|Any CPU
		{4EE2377E-12B2-4719-8886-53AEA515B79B}.Release|Any CPU.ActiveCfg = Release|Any CPU
		{4EE2377E-12B2-4719-8886-53AEA515B79B}.Release|Any CPU.Build.0 = Release|Any CPU
	EndGlobalSection
	GlobalSection(SolutionProperties) = preSolution
		HideSolutionNode = FALSE
	EndGlobalSection
	GlobalSection(ExtensibilityGlobals) = postSolution
		SolutionGuid = {D73412F1-2B71-4EDD-90DC-93EC08AC49D5}
	EndGlobalSection
EndGlobal
